# THIS IS AN AUTOGENERATED FILE. DO NOT EDIT THIS FILE DIRECTLY.
# yarn lockfile v1


"@types/body-parser@*":
  version "1.19.6"
  resolved "https://registry.yarnpkg.com/@types/body-parser/-/body-parser-1.19.6.tgz#1859bebb8fd7dac9918a45d54c1971ab8b5af474"
  integrity sha512-HLFeCYgz89uk22N5Qg3dvGvsv46B8GLvKKo1zKG4NybA8U2DiEO3w9lqGg29t/tfLRJpJ6iQxnVw4OnB7MoM9g==
  dependencies:
    "@types/connect" "*"
    "@types/node" "*"

"@types/connect@*":
  version "3.4.38"
  resolved "https://registry.yarnpkg.com/@types/connect/-/connect-3.4.38.tgz#5ba7f3bc4fbbdeaff8dded952e5ff2cc53f8d858"
  integrity sha512-K6uROf1LD88uDQqJCktA4yzL1YYAK6NgfsI0v/mTgyPKWsX1CnJ0XPSDhViejru1GcRkLWb8RlzFYJRqGUbaug==
  dependencies:
    "@types/node" "*"

"@types/express-serve-static-core@^5.0.0":
  version "5.0.7"
  resolved "https://registry.yarnpkg.com/@types/express-serve-static-core/-/express-serve-static-core-5.0.7.tgz#2fa94879c9d46b11a5df4c74ac75befd6b283de6"
  integrity sha512-R+33OsgWw7rOhD1emjU7dzCDHucJrgJXMA5PYCzJxVil0dsyx5iBEPHqpPfiKNJQb7lZ1vxwoLR4Z87bBUpeGQ==
  dependencies:
    "@types/node" "*"
    "@types/qs" "*"
    "@types/range-parser" "*"
    "@types/send" "*"

"@types/express@*":
  version "5.0.3"
  resolved "https://registry.yarnpkg.com/@types/express/-/express-5.0.3.tgz#6c4bc6acddc2e2a587142e1d8be0bce20757e956"
  integrity sha512-wGA0NX93b19/dZC1J18tKWVIYWyyF2ZjT9vin/NRu0qzzvfVzWjs04iq2rQ3H65vCTQYlRqs3YHfY7zjdV+9Kw==
  dependencies:
    "@types/body-parser" "*"
    "@types/express-serve-static-core" "^5.0.0"
    "@types/serve-static" "*"

"@types/http-errors@*":
  version "2.0.5"
  resolved "https://registry.yarnpkg.com/@types/http-errors/-/http-errors-2.0.5.tgz#5b749ab2b16ba113423feb1a64a95dcd30398472"
  integrity sha512-r8Tayk8HJnX0FztbZN7oVqGccWgw98T/0neJphO91KkmOzug1KkofZURD4UaD5uH8AqcFLfdPErnBod0u71/qg==

"@types/mime@^1":
  version "1.3.5"
  resolved "https://registry.yarnpkg.com/@types/mime/-/mime-1.3.5.tgz#1ef302e01cf7d2b5a0fa526790c9123bf1d06690"
  integrity sha512-/pyBZWSLD2n0dcHE3hq8s8ZvcETHtEuF+3E7XVt0Ig2nvsVQXdghHVcEkIWjy9A0wKfTn97a/PSDYohKIlnP/w==

"@types/node@*":
  version "24.5.2"
  resolved "https://registry.yarnpkg.com/@types/node/-/node-24.5.2.tgz#52ceb83f50fe0fcfdfbd2a9fab6db2e9e7ef6446"
  integrity sha512-FYxk1I7wPv3K2XBaoyH2cTnocQEu8AOZ60hPbsyukMPLv5/5qr7V1i8PLHdl6Zf87I+xZXFvPCXYjiTFq+YSDQ==
  dependencies:
    undici-types "~7.12.0"

"@types/oauth@*":
  version "0.9.6"
  resolved "https://registry.yarnpkg.com/@types/oauth/-/oauth-0.9.6.tgz#fb5a278f6a826108a7467a01f856324e11e9ba4a"
  integrity sha512-H9TRCVKBNOhZZmyHLqFt9drPM9l+ShWiqqJijU1B8P3DX3ub84NjxDuy+Hjrz+fEca5Kwip3qPMKNyiLgNJtIA==
  dependencies:
    "@types/node" "*"

"@types/passport-google-oauth20@^2.0.16":
  version "2.0.16"
  resolved "https://registry.yarnpkg.com/@types/passport-google-oauth20/-/passport-google-oauth20-2.0.16.tgz#9e39c1203d56496d89392538e6109626e253bc28"
  integrity sha512-ayXK2CJ7uVieqhYOc6k/pIr5pcQxOLB6kBev+QUGS7oEZeTgIs1odDobXRqgfBPvXzl0wXCQHftV5220czZCPA==
  dependencies:
    "@types/express" "*"
    "@types/passport" "*"
    "@types/passport-oauth2" "*"

"@types/passport-oauth2@*":
  version "1.8.0"
  resolved "https://registry.yarnpkg.com/@types/passport-oauth2/-/passport-oauth2-1.8.0.tgz#68830666b9dad0fbf68c704721f56346d2c72ba0"
  integrity sha512-6//z+4orIOy/g3zx17HyQ71GSRK4bs7Sb+zFasRoc2xzlv7ZCJ+vkDBYFci8U6HY+or6Zy7ajf4mz4rK7nsWJQ==
  dependencies:
    "@types/express" "*"
    "@types/oauth" "*"
    "@types/passport" "*"

"@types/passport@*":
  version "1.0.17"
  resolved "https://registry.yarnpkg.com/@types/passport/-/passport-1.0.17.tgz#718a8d1f7000ebcf6bbc0853da1bc8c4bc7ea5e6"
  integrity sha512-aciLyx+wDwT2t2/kJGJR2AEeBz0nJU4WuRX04Wu9Dqc5lSUtwu0WERPHYsLhF9PtseiAMPBGNUOtFjxZ56prsg==
  dependencies:
    "@types/express" "*"

"@types/qs@*":
  version "6.14.0"
  resolved "https://registry.yarnpkg.com/@types/qs/-/qs-6.14.0.tgz#d8b60cecf62f2db0fb68e5e006077b9178b85de5"
  integrity sha512-eOunJqu0K1923aExK6y8p6fsihYEn/BYuQ4g0CxAAgFc4b/ZLN4CrsRZ55srTdqoiLzU2B2evC+apEIxprEzkQ==

"@types/range-parser@*":
  version "1.2.7"
  resolved "https://registry.yarnpkg.com/@types/range-parser/-/range-parser-1.2.7.tgz#50ae4353eaaddc04044279812f52c8c65857dbcb"
  integrity sha512-hKormJbkJqzQGhziax5PItDUTMAM9uE2XXQmM37dyd4hVM+5aVl7oVxMVUiVQn2oCQFN/LKCZdvSM0pFRqbSmQ==

"@types/send@*":
  version "0.17.5"
  resolved "https://registry.yarnpkg.com/@types/send/-/send-0.17.5.tgz#d991d4f2b16f2b1ef497131f00a9114290791e74"
  integrity sha512-z6F2D3cOStZvuk2SaP6YrwkNO65iTZcwA2ZkSABegdkAh/lf+Aa/YQndZVfmEXT5vgAp6zv06VQ3ejSVjAny4w==
  dependencies:
    "@types/mime" "^1"
    "@types/node" "*"

"@types/serve-static@*":
  version "1.15.8"
  resolved "https://registry.yarnpkg.com/@types/serve-static/-/serve-static-1.15.8.tgz#8180c3fbe4a70e8f00b9f70b9ba7f08f35987877"
  integrity sha512-roei0UY3LhpOJvjbIP6ZZFngyLKl5dskOtDhxY5THRSpO+ZI+nzJ+m5yUMzGrp89YRa7lvknKkMYjqQFGwA7Sg==
  dependencies:
    "@types/http-errors" "*"
    "@types/node" "*"
    "@types/send" "*"

base64url@3.x.x:
  version "3.0.1"
  resolved "https://registry.yarnpkg.com/base64url/-/base64url-3.0.1.tgz#6399d572e2bc3f90a9a8b22d5dbb0a32d33f788d"
  integrity sha512-ir1UPr3dkwexU7FdV8qBBbNDRUhMmIekYMFZfi+C/sLNnRESKPl23nB9b2pltqfOQNnGzsDdId90AEtG5tCx4A==

oauth@0.10.x:
  version "0.10.2"
  resolved "https://registry.yarnpkg.com/oauth/-/oauth-0.10.2.tgz#fd7139b0ce1a1037bd11fa4e236afc588132418c"
  integrity sha512-JtFnB+8nxDEXgNyniwz573xxbKSOu3R8D40xQKqcjwJ2CDkYqUDI53o6IuzDJBx60Z8VKCm271+t8iFjakrl8Q==

passport-google-oauth20@^2.0.0:
  version "2.0.0"
  resolved "https://registry.yarnpkg.com/passport-google-oauth20/-/passport-google-oauth20-2.0.0.tgz#0d241b2d21ebd3dc7f2b60669ec4d587e3a674ef"
  integrity sha512-KSk6IJ15RoxuGq7D1UKK/8qKhNfzbLeLrG3gkLZ7p4A6DBCcv7xpyQwuXtWdpyR0+E0mwkpjY1VfPOhxQrKzdQ==
  dependencies:
    passport-oauth2 "1.x.x"

passport-oauth2@1.x.x:
  version "1.8.0"
  resolved "https://registry.yarnpkg.com/passport-oauth2/-/passport-oauth2-1.8.0.tgz#55725771d160f09bbb191828d5e3d559eee079c8"
  integrity sha512-cjsQbOrXIDE4P8nNb3FQRCCmJJ/utnFKEz2NX209f7KOHPoX18gF7gBzBbLLsj2/je4KrgiwLLGjf0lm9rtTBA==
  dependencies:
    base64url "3.x.x"
    oauth "0.10.x"
    passport-strategy "1.x.x"
    uid2 "0.0.x"
    utils-merge "1.x.x"

passport-strategy@1.x.x:
  version "1.0.0"
  resolved "https://registry.yarnpkg.com/passport-strategy/-/passport-strategy-1.0.0.tgz#b5539aa8fc225a3d1ad179476ddf236b440f52e4"
  integrity sha512-CB97UUvDKJde2V0KDWWB3lyf6PC3FaZP7YxZ2G8OAtn9p4HI9j9JLP9qjOGZFvyl8uwNT8qM+hGnz/n16NI7oA==

uid2@0.0.x:
  version "0.0.4"
  resolved "https://registry.yarnpkg.com/uid2/-/uid2-0.0.4.tgz#033f3b1d5d32505f5ce5f888b9f3b667123c0a44"
  integrity sha512-IevTus0SbGwQzYh3+fRsAMTVVPOoIVufzacXcHPmdlle1jUpq7BRL+mw3dgeLanvGZdwwbWhRV6XrcFNdBmjWA==

undici-types@~7.12.0:
  version "7.12.0"
  resolved "https://registry.yarnpkg.com/undici-types/-/undici-types-7.12.0.tgz#15c5c7475c2a3ba30659529f5cdb4674b622fafb"
  integrity sha512-goOacqME2GYyOZZfb5Lgtu+1IDmAlAEu5xnD3+xTzS10hT0vzpf0SPjkXwAw9Jm+4n/mQGDP3LO8CPbYROeBfQ==

utils-merge@1.x.x:
  version "1.0.1"
  resolved "https://registry.yarnpkg.com/utils-merge/-/utils-merge-1.0.1.tgz#9f95710f50a267947b2ccc124741c1028427e713"
  integrity sha512-pMZTvIkT1d+TFGvDOqodOclx0QWkkgi6Tdoa8gC8ffGAAqz9pzPTZWAybbsHHoED/ztMtkv/VoYTYyShUn81hA==
